
Microsoft Visual Studio Solution File, Format Version 12.00
# Visual Studio 15
VisualStudioVersion = 15.0.27428.2027
MinimumVisualStudioVersion = 10.0.40219.1
Project("{FAE04EC0-301F-11D3-BF4B-00C04F79EFBC}") = "SalesDataImporter", "SalesDataImporter\SalesDataImporter.csproj", "{543666D3-4043-4AC2-9590-292240876C15}"
EndProject
Project("{FAE04EC0-301F-11D3-BF4B-00C04F79EFBC}") = "SalesDataImporter.Tests", "SalesDataImporter.Tests\SalesDataImporter.Tests.csproj", "{88B33A40-4967-459B-89FD-04B1F2018E52}"
EndProject
Global
	GlobalSection(SolutionConfigurationPlatforms) = preSolution
		Debug|Any CPU = Debug|Any CPU
		Release|Any CPU = Release|Any CPU
	EndGlobalSection
	GlobalSection(ProjectConfigurationPlatforms) = postSolution
		{543666D3-4043-4AC2-9590-292240876C15}.Debug|Any CPU.ActiveCfg = Debug|Any CPU
		{543666D3-4043-4AC2-9590-292240876C15}.Debug|Any CPU.Build.0 = Debug|Any CPU
		{543666D3-4043-4AC2-9590-292240876C15}.Release|Any CPU.ActiveCfg = Release|Any CPU
		{543666D3-4043-4AC2-9590-292240876C15}.Release|Any CPU.Build.0 = Release|Any CPU
		{88B33A40-4967-459B-89FD-04B1F2018E52}.Debug|Any CPU.ActiveCfg = Debug|Any CPU
		{88B33A40-4967-459B-89FD-04B1F2018E52}.Debug|Any CPU.Build.0 = Debug|Any CPU
		{88B33A40-4967-459B-89FD-04B1F2018E52}.Release|Any CPU.ActiveCfg = Release|Any CPU
		{88B33A40-4967-459B-89FD-04B1F2018E52}.Release|Any CPU.Build.0 = Release|Any CPU
	EndGlobalSection
	GlobalSection(SolutionProperties) = preSolution
		HideSolutionNode = FALSE
	EndGlobalSection
	GlobalSection(ExtensibilityGlobals) = postSolution
		SolutionGuid = {F7467B37-35A4-4EA6-8057-CC6AA9DC57C1}
	EndGlobalSection
EndGlobal
